{
  "version": "4",
  "specifiers": {
    "jsr:@hono/hono@^4.5.11": "4.6.13",
    "jsr:@supabase/supabase-js@^2.45.3": "2.47.3",
    "npm:@supabase/auth-js@2.66.1": "2.66.1",
    "npm:@supabase/functions-js@2.4.3": "2.4.3",
    "npm:@supabase/node-fetch@2.6.15": "2.6.15",
    "npm:@supabase/postgrest-js@1.16.3": "1.16.3",
    "npm:@supabase/realtime-js@2.11.2": "2.11.2",
    "npm:@supabase/storage-js@2.7.1": "2.7.1",
    "npm:chalk@^5.3.0": "5.3.0",
    "npm:dexie-observable@4.0.1-beta.13": "4.0.1-beta.13_dexie@4.0.10",
    "npm:drizzle-orm@~0.30.10": "0.30.10_postgres@3.4.5",
    "npm:drizzle-zod@~0.5.1": "0.5.1_drizzle-orm@0.30.10__postgres@3.4.5_zod@3.24.0_postgres@3.4.5",
    "npm:lodash.omit@^4.5.0": "4.5.0",
    "npm:postgres@^3.4.4": "3.4.5",
    "npm:replicache@^15.0.1": "15.0.1",
    "npm:zod@^3.23.8": "3.24.0"
  },
  "jsr": {
    "@hono/hono@4.6.13": {
      "integrity": "198970fc6facf71a88ee57aa1ed32143b56bcb0f842fa965ca3ee7d6fdd21a8e"
    },
    "@supabase/supabase-js@2.47.3": {
      "integrity": "54a8a0e1f420bf8eea50dcbd09d9abb298f5c920fc38c74e79e70769c80940fc",
      "dependencies": [
        "npm:@supabase/auth-js",
        "npm:@supabase/functions-js",
        "npm:@supabase/node-fetch",
        "npm:@supabase/postgrest-js",
        "npm:@supabase/realtime-js",
        "npm:@supabase/storage-js"
      ]
    }
  },
  "npm": {
    "@badrap/valita@0.3.16": {
      "integrity": "sha512-slP2blSd6A+xUBgGf+wW6adGd72ojBLxemU0jXQ0fXQcsZWYQ70wTLTJggs6+oxcAqN/bvYA3Ops8SqR2Imyaw=="
    },
    "@rocicorp/lock@1.0.4": {
      "integrity": "sha512-FavTiO8ETXFXDVfA87IThGduTTTR8iqzBnr/c60gUUmbk7knGEXPmf2B+yiNuluJD0ku0fL2V2r62UXnsLXl6w==",
      "dependencies": [
        "@rocicorp/resolver"
      ]
    },
    "@rocicorp/logger@5.3.0": {
      "integrity": "sha512-j5WYYkzpGxkemS9cUEzGvWJFOdrKRSbTXKC6P032oXMnVb5VLr/aN/7RT7jczAwmQgkY2ds+/93CEiua4rCY1A=="
    },
    "@rocicorp/resolver@1.0.2": {
      "integrity": "sha512-TfjMTQp9cNNqNtHFfa+XHEGdA7NnmDRu+ZJH4YF3dso0Xk/b9DMhg/sl+b6CR4ThFZArXXDsG1j8Mwl34wcOZQ=="
    },
    "@supabase/auth-js@2.66.1": {
      "integrity": "sha512-kOW+04SuDXmP2jRX9JL1Rgzduj8BcOG1qC3RaWdZsxnv89svNCdLRv8PfXW3QPKJdw0k1jF30OlQDPkzbDEL9w==",
      "dependencies": [
        "@supabase/node-fetch"
      ]
    },
    "@supabase/functions-js@2.4.3": {
      "integrity": "sha512-sOLXy+mWRyu4LLv1onYydq+10mNRQ4rzqQxNhbrKLTLTcdcmS9hbWif0bGz/NavmiQfPs4ZcmQJp4WqOXlR4AQ==",
      "dependencies": [
        "@supabase/node-fetch"
      ]
    },
    "@supabase/node-fetch@2.6.15": {
      "integrity": "sha512-1ibVeYUacxWYi9i0cf5efil6adJ9WRyZBLivgjs+AUpewx1F3xPi7gLgaASI2SmIQxPoCEjAsLAzKPgMJVgOUQ==",
      "dependencies": [
        "whatwg-url"
      ]
    },
    "@supabase/postgrest-js@1.16.3": {
      "integrity": "sha512-HI6dsbW68AKlOPofUjDTaosiDBCtW4XAm0D18pPwxoW3zKOE2Ru13Z69Wuys9fd6iTpfDViNco5sgrtnP0666A==",
      "dependencies": [
        "@supabase/node-fetch"
      ]
    },
    "@supabase/realtime-js@2.11.2": {
      "integrity": "sha512-u/XeuL2Y0QEhXSoIPZZwR6wMXgB+RQbJzG9VErA3VghVt7uRfSVsjeqd7m5GhX3JR6dM/WRmLbVR8URpDWG4+w==",
      "dependencies": [
        "@supabase/node-fetch",
        "@types/phoenix",
        "@types/ws",
        "ws"
      ]
    },
    "@supabase/storage-js@2.7.1": {
      "integrity": "sha512-asYHcyDR1fKqrMpytAS1zjyEfvxuOIp1CIXX7ji4lHHcJKqyk+sLl/Vxgm4sN6u8zvuUtae9e4kDxQP2qrwWBA==",
      "dependencies": [
        "@supabase/node-fetch"
      ]
    },
    "@types/node@22.5.4": {
      "integrity": "sha512-FDuKUJQm/ju9fT/SeX/6+gBzoPzlVCzfzmGkwKvRHQVxi4BntVbyIwf6a4Xn62mrvndLiml6z/UBXIdEVjQLXg==",
      "dependencies": [
        "undici-types"
      ]
    },
    "@types/phoenix@1.6.6": {
      "integrity": "sha512-PIzZZlEppgrpoT2QgbnDU+MMzuR6BbCjllj0bM70lWoejMeNJAxCchxnv7J3XFkI8MpygtRpzXrIlmWUBclP5A=="
    },
    "@types/ws@8.5.13": {
      "integrity": "sha512-osM/gWBTPKgHV8XkTunnegTRIsvF6owmf5w+JtAfOw472dptdm0dlGv4xCt6GwQRcC2XVOvvRE/0bAoQcL2QkA==",
      "dependencies": [
        "@types/node"
      ]
    },
    "chalk@5.3.0": {
      "integrity": "sha512-dLitG79d+GV1Nb/VYcCDFivJeK1hiukt9QjRNVOsUtTy1rR1YJsmpGGTZ3qJos+uw7WmWF4wUwBd9jxjocFC2w=="
    },
    "dexie-observable@4.0.1-beta.13_dexie@4.0.10": {
      "integrity": "sha512-axmgPk7yjoPwj+0DdQIE5s1MBXi+6XcIFIjBKdQAmSGpsLQSth/LHvMOQ3q3Wj6pwIE5hqIxg2GL75sVqQbhEw==",
      "dependencies": [
        "dexie"
      ]
    },
    "dexie@4.0.10": {
      "integrity": "sha512-eM2RzuR3i+M046r2Q0Optl3pS31qTWf8aFuA7H9wnsHTwl8EPvroVLwvQene/6paAs39Tbk6fWZcn2aZaHkc/w=="
    },
    "drizzle-orm@0.30.10_postgres@3.4.5": {
      "integrity": "sha512-IRy/QmMWw9lAQHpwbUh1b8fcn27S/a9zMIzqea1WNOxK9/4EB8gIo+FZWLiPXzl2n9ixGSv8BhsLZiOppWEwBw==",
      "dependencies": [
        "postgres"
      ]
    },
    "drizzle-zod@0.5.1_drizzle-orm@0.30.10__postgres@3.4.5_zod@3.24.0_postgres@3.4.5": {
      "integrity": "sha512-C/8bvzUH/zSnVfwdSibOgFjLhtDtbKYmkbPbUCq46QZyZCH6kODIMSOgZ8R7rVjoI+tCj3k06MRJMDqsIeoS4A==",
      "dependencies": [
        "drizzle-orm",
        "zod"
      ]
    },
    "lodash.omit@4.5.0": {
      "integrity": "sha512-XeqSp49hNGmlkj2EJlfrQFIzQ6lXdNro9sddtQzcJY8QaoC2GO0DT7xaIokHeyM+mIT0mPMlPvkYzg2xCuHdZg=="
    },
    "postgres@3.4.5": {
      "integrity": "sha512-cDWgoah1Gez9rN3H4165peY9qfpEo+SA61oQv65O3cRUE1pOEoJWwddwcqKE8XZYjbblOJlYDlLV4h67HrEVDg=="
    },
    "replicache@15.0.1": {
      "integrity": "sha512-I7HK6h2eT2QNxO4mwQFDqbuxhvCQgSlU4QuwfN9dqA6EKnO73VYiKB676r36N3q5W7L+htLgAcrSsrX+JPsRlQ==",
      "dependencies": [
        "@badrap/valita",
        "@rocicorp/lock",
        "@rocicorp/logger",
        "@rocicorp/resolver"
      ]
    },
    "tr46@0.0.3": {
      "integrity": "sha512-N3WMsuqV66lT30CrXNbEjx4GEwlow3v6rr4mCcv6prnfwhS01rkgyFdjPNBYd9br7LpXV1+Emh01fHnq2Gdgrw=="
    },
    "undici-types@6.19.8": {
      "integrity": "sha512-ve2KP6f/JnbPBFyobGHuerC9g1FYGn/F8n1LWTwNxCEzd6IfqTwUQcNXgEtmmQ6DlRrC1hrSrBnCZPokRrDHjw=="
    },
    "webidl-conversions@3.0.1": {
      "integrity": "sha512-2JAn3z8AR6rjK8Sm8orRC0h/bcl/DqL7tRPdGZ4I1CjdF+EaMLmYxBHyXuKL849eucPFhvBoxMsflfOb8kxaeQ=="
    },
    "whatwg-url@5.0.0": {
      "integrity": "sha512-saE57nupxk6v3HY35+jzBwYa0rKSy0XR8JSxZPwgLr7ys0IBzhGviA1/TUGJLmSVqs8pb9AnvICXEuOHLprYTw==",
      "dependencies": [
        "tr46",
        "webidl-conversions"
      ]
    },
    "ws@8.18.0": {
      "integrity": "sha512-8VbfWfHLbbwu3+N6OKsOMpBdT4kXPDDB9cJk2bJ6mh9ucxdlnNvH1e+roYkKmN9Nxw2yjz7VzeO9oOz2zJ04Pw=="
    },
    "zod@3.24.0": {
      "integrity": "sha512-Hz+wiY8yD0VLA2k/+nsg2Abez674dDGTai33SwNvMPuf9uIrBC9eFgIMQxBBbHFxVXi8W+5nX9DcAh9YNSQm/w=="
    }
  },
  "workspace": {
    "dependencies": [
      "jsr:@hono/hono@^4.5.11",
      "jsr:@supabase/supabase-js@^2.45.3",
      "npm:chalk@^5.3.0",
      "npm:dexie-observable@4.0.1-beta.13",
      "npm:drizzle-orm@~0.30.10",
      "npm:drizzle-zod@~0.5.1",
      "npm:lodash.omit@^4.5.0",
      "npm:postgres@^3.4.4",
      "npm:replicache@^15.0.1",
      "npm:zod@^3.23.8"
    ]
  }
}
